
Microsoft Visual Studio Solution File, Format Version 12.00
# Visual Studio Version 17
VisualStudioVersion = 17.4.33213.308
MinimumVisualStudioVersion = 10.0.40219.1
Project("{FAE04EC0-301F-11D3-BF4B-00C04F79EFBC}") = "AzureAdAuthentication", "AzureAdAuthentication.csproj", "{2C693B55-A5F7-4A79-8B33-4B65724E401D}"
EndProject
Global
	GlobalSection(SolutionConfigurationPlatforms) = preSolution
		Debug|Any CPU = Debug|Any CPU
		Release|Any CPU = Release|Any CPU
	EndGlobalSection
	GlobalSection(ProjectConfigurationPlatforms) = postSolution
		{2C693B55-A5F7-4A79-8B33-4B65724E401D}.Debug|Any CPU.ActiveCfg = Debug|Any CPU
		{2C693B55-A5F7-4A79-8B33-4B65724E401D}.Debug|Any CPU.Build.0 = Debug|Any CPU
		{2C693B55-A5F7-4A79-8B33-4B65724E401D}.Release|Any CPU.ActiveCfg = Release|Any CPU
		{2C693B55-A5F7-4A79-8B33-4B65724E401D}.Release|Any CPU.Build.0 = Release|Any CPU
	EndGlobalSection
	GlobalSection(SolutionProperties) = preSolution
		HideSolutionNode = FALSE
	EndGlobalSection
	GlobalSection(ExtensibilityGlobals) = postSolution
		SolutionGuid = {93F99D1F-BDD9-4E0F-B278-B46E7A5A7318}
	EndGlobalSection
EndGlobal
